
Microsoft Visual Studio Solution File, Format Version 12.00
# Visual Studio Version 17
VisualStudioVersion = 17.7.34031.279
MinimumVisualStudioVersion = 10.0.40219.1
Project("{9A19103F-16F7-4668-BE54-9A1E7A4F7556}") = "StudSocSitWpfApp", "StudSocSit\StudSocSitWpfApp.csproj", "{F84C2EAD-2DAA-4AFF-A091-C572699D8DEA}"
EndProject
Project("{9A19103F-16F7-4668-BE54-9A1E7A4F7556}") = "StudSocSitApi", "StudSocSitApi\StudSocSitApi.csproj", "{97AE9A12-401E-4B01-B485-887843BAA8AA}"
EndProject
Project("{9A19103F-16F7-4668-BE54-9A1E7A4F7556}") = "ApplicationDbContext", "ApplicationDbContext\ApplicationDbContext.csproj", "{B42B1BF1-3695-45EE-AC54-82F44D692818}"
EndProject
Project("{9A19103F-16F7-4668-BE54-9A1E7A4F7556}") = "StudSocSitWebApp", "StudSocSitWebApp\StudSocSitWebApp.csproj", "{6076EEEB-8E69-4210-8409-61A978E0D86F}"
EndProject
Project("{9A19103F-16F7-4668-BE54-9A1E7A4F7556}") = "AuthService", "AuthService\AuthService.csproj", "{CA9B50F1-50F7-47A6-85F3-730980587F61}"
EndProject
Project("{9A19103F-16F7-4668-BE54-9A1E7A4F7556}") = "UserService", "UserProfileService\UserService.csproj", "{482560D2-2C18-484A-A623-78C35DA68C37}"
EndProject
Project("{9A19103F-16F7-4668-BE54-9A1E7A4F7556}") = "FriendingService", "FriendsService\FriendingService.csproj", "{400DD939-73F4-42DF-9861-3EA001A53291}"
EndProject
Project("{00D1A9C2-B5F0-4AF3-8072-F6C62B433612}") = "UserServiceDb", "UserServiceDb\UserServiceDb.sqlproj", "{2E618F08-2381-475C-A92C-FC144766381F}"
EndProject
Project("{9A19103F-16F7-4668-BE54-9A1E7A4F7556}") = "UniversityService", "UniversityService\UniversityService.csproj", "{C043E5EE-E1EB-4EB0-8910-C1F9EE1F6A07}"
EndProject
Project("{9A19103F-16F7-4668-BE54-9A1E7A4F7556}") = "DataAccess", "DataAccess\DataAccess.csproj", "{6FC83450-1633-49EB-A486-36AB261ADEAE}"
EndProject
Project("{2150E333-8FDC-42A3-9474-1A3956D46DE8}") = "Solution Items", "Solution Items", "{BD73CBC6-342D-43CB-9162-EC89421FE32D}"
	ProjectSection(SolutionItems) = preProject
		.editorconfig = .editorconfig
	EndProjectSection
EndProject
Project("{00D1A9C2-B5F0-4AF3-8072-F6C62B433612}") = "UniversityServiceDb", "UniversityServiceDb\UniversityServiceDb.sqlproj", "{2A06E007-6B5A-4A49-8EAE-55E376C6B280}"
EndProject
Project("{00D1A9C2-B5F0-4AF3-8072-F6C62B433612}") = "FriendingServiceDb", "FriendingServiceDb\FriendingServiceDb.sqlproj", "{3C335929-E2C1-4B6E-ABB7-74D724F5B0A2}"
EndProject
Project("{FAE04EC0-301F-11D3-BF4B-00C04F79EFBC}") = "FriendingApplication", "FriendingDataAccess\FriendingApplication.csproj", "{976F1404-A7C9-4333-9507-45F7169EEC6C}"
EndProject
Project("{FAE04EC0-301F-11D3-BF4B-00C04F79EFBC}") = "UserApplication", "UserApplication\UserApplication.csproj", "{FC3B6C42-70BA-4AD3-9E90-15B584B51903}"
EndProject
Project("{FAE04EC0-301F-11D3-BF4B-00C04F79EFBC}") = "UniversityApplication", "UniversityApplication\UniversityApplication.csproj", "{3D6A6793-9CCE-47D3-A680-A8D8ABC5C96C}"
EndProject
Project("{FAE04EC0-301F-11D3-BF4B-00C04F79EFBC}") = "MessagingService", "MessagingService\MessagingService.csproj", "{166A4B66-65DE-463B-931F-24E88BD9B35B}"
EndProject
Project("{00D1A9C2-B5F0-4AF3-8072-F6C62B433612}") = "MessagingServiceDb", "MessagingServiceDb\MessagingServiceDb.sqlproj", "{59A47D30-BE08-4890-96EC-E1A2ED831F55}"
EndProject
Global
	GlobalSection(SolutionConfigurationPlatforms) = preSolution
		Debug|Any CPU = Debug|Any CPU
		Release|Any CPU = Release|Any CPU
	EndGlobalSection
	GlobalSection(ProjectConfigurationPlatforms) = postSolution
		{F84C2EAD-2DAA-4AFF-A091-C572699D8DEA}.Debug|Any CPU.ActiveCfg = Debug|Any CPU
		{F84C2EAD-2DAA-4AFF-A091-C572699D8DEA}.Debug|Any CPU.Build.0 = Debug|Any CPU
		{F84C2EAD-2DAA-4AFF-A091-C572699D8DEA}.Release|Any CPU.ActiveCfg = Release|Any CPU
		{F84C2EAD-2DAA-4AFF-A091-C572699D8DEA}.Release|Any CPU.Build.0 = Release|Any CPU
		{97AE9A12-401E-4B01-B485-887843BAA8AA}.Debug|Any CPU.ActiveCfg = Debug|Any CPU
		{97AE9A12-401E-4B01-B485-887843BAA8AA}.Debug|Any CPU.Build.0 = Debug|Any CPU
		{97AE9A12-401E-4B01-B485-887843BAA8AA}.Release|Any CPU.ActiveCfg = Release|Any CPU
		{97AE9A12-401E-4B01-B485-887843BAA8AA}.Release|Any CPU.Build.0 = Release|Any CPU
		{B42B1BF1-3695-45EE-AC54-82F44D692818}.Debug|Any CPU.ActiveCfg = Debug|Any CPU
		{B42B1BF1-3695-45EE-AC54-82F44D692818}.Debug|Any CPU.Build.0 = Debug|Any CPU
		{B42B1BF1-3695-45EE-AC54-82F44D692818}.Release|Any CPU.ActiveCfg = Release|Any CPU
		{B42B1BF1-3695-45EE-AC54-82F44D692818}.Release|Any CPU.Build.0 = Release|Any CPU
		{6076EEEB-8E69-4210-8409-61A978E0D86F}.Debug|Any CPU.ActiveCfg = Debug|Any CPU
		{6076EEEB-8E69-4210-8409-61A978E0D86F}.Debug|Any CPU.Build.0 = Debug|Any CPU
		{6076EEEB-8E69-4210-8409-61A978E0D86F}.Release|Any CPU.ActiveCfg = Release|Any CPU
		{6076EEEB-8E69-4210-8409-61A978E0D86F}.Release|Any CPU.Build.0 = Release|Any CPU
		{CA9B50F1-50F7-47A6-85F3-730980587F61}.Debug|Any CPU.ActiveCfg = Debug|Any CPU
		{CA9B50F1-50F7-47A6-85F3-730980587F61}.Debug|Any CPU.Build.0 = Debug|Any CPU
		{CA9B50F1-50F7-47A6-85F3-730980587F61}.Release|Any CPU.ActiveCfg = Release|Any CPU
		{CA9B50F1-50F7-47A6-85F3-730980587F61}.Release|Any CPU.Build.0 = Release|Any CPU
		{482560D2-2C18-484A-A623-78C35DA68C37}.Debug|Any CPU.ActiveCfg = Debug|Any CPU
		{482560D2-2C18-484A-A623-78C35DA68C37}.Debug|Any CPU.Build.0 = Debug|Any CPU
		{482560D2-2C18-484A-A623-78C35DA68C37}.Release|Any CPU.ActiveCfg = Release|Any CPU
		{482560D2-2C18-484A-A623-78C35DA68C37}.Release|Any CPU.Build.0 = Release|Any CPU
		{400DD939-73F4-42DF-9861-3EA001A53291}.Debug|Any CPU.ActiveCfg = Debug|Any CPU
		{400DD939-73F4-42DF-9861-3EA001A53291}.Debug|Any CPU.Build.0 = Debug|Any CPU
		{400DD939-73F4-42DF-9861-3EA001A53291}.Release|Any CPU.ActiveCfg = Release|Any CPU
		{400DD939-73F4-42DF-9861-3EA001A53291}.Release|Any CPU.Build.0 = Release|Any CPU
		{2E618F08-2381-475C-A92C-FC144766381F}.Debug|Any CPU.ActiveCfg = Debug|Any CPU
		{2E618F08-2381-475C-A92C-FC144766381F}.Debug|Any CPU.Build.0 = Debug|Any CPU
		{2E618F08-2381-475C-A92C-FC144766381F}.Debug|Any CPU.Deploy.0 = Debug|Any CPU
		{2E618F08-2381-475C-A92C-FC144766381F}.Release|Any CPU.ActiveCfg = Release|Any CPU
		{2E618F08-2381-475C-A92C-FC144766381F}.Release|Any CPU.Build.0 = Release|Any CPU
		{2E618F08-2381-475C-A92C-FC144766381F}.Release|Any CPU.Deploy.0 = Release|Any CPU
		{C043E5EE-E1EB-4EB0-8910-C1F9EE1F6A07}.Debug|Any CPU.ActiveCfg = Debug|Any CPU
		{C043E5EE-E1EB-4EB0-8910-C1F9EE1F6A07}.Debug|Any CPU.Build.0 = Debug|Any CPU
		{C043E5EE-E1EB-4EB0-8910-C1F9EE1F6A07}.Release|Any CPU.ActiveCfg = Release|Any CPU
		{C043E5EE-E1EB-4EB0-8910-C1F9EE1F6A07}.Release|Any CPU.Build.0 = Release|Any CPU
		{6FC83450-1633-49EB-A486-36AB261ADEAE}.Debug|Any CPU.ActiveCfg = Debug|Any CPU
		{6FC83450-1633-49EB-A486-36AB261ADEAE}.Debug|Any CPU.Build.0 = Debug|Any CPU
		{6FC83450-1633-49EB-A486-36AB261ADEAE}.Release|Any CPU.ActiveCfg = Release|Any CPU
		{6FC83450-1633-49EB-A486-36AB261ADEAE}.Release|Any CPU.Build.0 = Release|Any CPU
		{2A06E007-6B5A-4A49-8EAE-55E376C6B280}.Debug|Any CPU.ActiveCfg = Debug|Any CPU
		{2A06E007-6B5A-4A49-8EAE-55E376C6B280}.Debug|Any CPU.Build.0 = Debug|Any CPU
		{2A06E007-6B5A-4A49-8EAE-55E376C6B280}.Debug|Any CPU.Deploy.0 = Debug|Any CPU
		{2A06E007-6B5A-4A49-8EAE-55E376C6B280}.Release|Any CPU.ActiveCfg = Release|Any CPU
		{2A06E007-6B5A-4A49-8EAE-55E376C6B280}.Release|Any CPU.Build.0 = Release|Any CPU
		{2A06E007-6B5A-4A49-8EAE-55E376C6B280}.Release|Any CPU.Deploy.0 = Release|Any CPU
		{3C335929-E2C1-4B6E-ABB7-74D724F5B0A2}.Debug|Any CPU.ActiveCfg = Debug|Any CPU
		{3C335929-E2C1-4B6E-ABB7-74D724F5B0A2}.Debug|Any CPU.Build.0 = Debug|Any CPU
		{3C335929-E2C1-4B6E-ABB7-74D724F5B0A2}.Debug|Any CPU.Deploy.0 = Debug|Any CPU
		{3C335929-E2C1-4B6E-ABB7-74D724F5B0A2}.Release|Any CPU.ActiveCfg = Release|Any CPU
		{3C335929-E2C1-4B6E-ABB7-74D724F5B0A2}.Release|Any CPU.Build.0 = Release|Any CPU
		{3C335929-E2C1-4B6E-ABB7-74D724F5B0A2}.Release|Any CPU.Deploy.0 = Release|Any CPU
		{976F1404-A7C9-4333-9507-45F7169EEC6C}.Debug|Any CPU.ActiveCfg = Debug|Any CPU
		{976F1404-A7C9-4333-9507-45F7169EEC6C}.Debug|Any CPU.Build.0 = Debug|Any CPU
		{976F1404-A7C9-4333-9507-45F7169EEC6C}.Release|Any CPU.ActiveCfg = Release|Any CPU
		{976F1404-A7C9-4333-9507-45F7169EEC6C}.Release|Any CPU.Build.0 = Release|Any CPU
		{FC3B6C42-70BA-4AD3-9E90-15B584B51903}.Debug|Any CPU.ActiveCfg = Debug|Any CPU
		{FC3B6C42-70BA-4AD3-9E90-15B584B51903}.Debug|Any CPU.Build.0 = Debug|Any CPU
		{FC3B6C42-70BA-4AD3-9E90-15B584B51903}.Release|Any CPU.ActiveCfg = Release|Any CPU
		{FC3B6C42-70BA-4AD3-9E90-15B584B51903}.Release|Any CPU.Build.0 = Release|Any CPU
		{3D6A6793-9CCE-47D3-A680-A8D8ABC5C96C}.Debug|Any CPU.ActiveCfg = Debug|Any CPU
		{3D6A6793-9CCE-47D3-A680-A8D8ABC5C96C}.Debug|Any CPU.Build.0 = Debug|Any CPU
		{3D6A6793-9CCE-47D3-A680-A8D8ABC5C96C}.Release|Any CPU.ActiveCfg = Release|Any CPU
		{3D6A6793-9CCE-47D3-A680-A8D8ABC5C96C}.Release|Any CPU.Build.0 = Release|Any CPU
		{166A4B66-65DE-463B-931F-24E88BD9B35B}.Debug|Any CPU.ActiveCfg = Debug|Any CPU
		{166A4B66-65DE-463B-931F-24E88BD9B35B}.Debug|Any CPU.Build.0 = Debug|Any CPU
		{166A4B66-65DE-463B-931F-24E88BD9B35B}.Release|Any CPU.ActiveCfg = Release|Any CPU
		{166A4B66-65DE-463B-931F-24E88BD9B35B}.Release|Any CPU.Build.0 = Release|Any CPU
		{59A47D30-BE08-4890-96EC-E1A2ED831F55}.Debug|Any CPU.ActiveCfg = Debug|Any CPU
		{59A47D30-BE08-4890-96EC-E1A2ED831F55}.Debug|Any CPU.Build.0 = Debug|Any CPU
		{59A47D30-BE08-4890-96EC-E1A2ED831F55}.Debug|Any CPU.Deploy.0 = Debug|Any CPU
		{59A47D30-BE08-4890-96EC-E1A2ED831F55}.Release|Any CPU.ActiveCfg = Release|Any CPU
		{59A47D30-BE08-4890-96EC-E1A2ED831F55}.Release|Any CPU.Build.0 = Release|Any CPU
		{59A47D30-BE08-4890-96EC-E1A2ED831F55}.Release|Any CPU.Deploy.0 = Release|Any CPU
	EndGlobalSection
	GlobalSection(SolutionProperties) = preSolution
		HideSolutionNode = FALSE
	EndGlobalSection
	GlobalSection(ExtensibilityGlobals) = postSolution
		SolutionGuid = {0C9B5965-DE45-4379-82C0-192D5394F6CC}
	EndGlobalSection
EndGlobal
